// !$*UTF8*$!
{
	archiveVersion = 1;
	classes = {
	};
	objectVersion = 50;
	objects = {

/* Begin PBXBuildFile section */
		CD4AE6642379614D00F2ADA6 /* Alert+Extension.swift in Sources */ = {isa = PBXBuildFile; fileRef = CD4AE6632379614D00F2ADA6 /* Alert+Extension.swift */; };
		D69A387023782C7100A9EEE7 /* AppDelegate.swift in Sources */ = {isa = PBXBuildFile; fileRef = D69A386F23782C7100A9EEE7 /* AppDelegate.swift */; };
		D69A387223782C7100A9EEE7 /* ViewController.swift in Sources */ = {isa = PBXBuildFile; fileRef = D69A387123782C7100A9EEE7 /* ViewController.swift */; };
		D69A387523782C7100A9EEE7 /* Main.storyboard in Resources */ = {isa = PBXBuildFile; fileRef = D69A387323782C7100A9EEE7 /* Main.storyboard */; };
		D69A387723782C7300A9EEE7 /* Assets.xcassets in Resources */ = {isa = PBXBuildFile; fileRef = D69A387623782C7300A9EEE7 /* Assets.xcassets */; };
		D69A387A23782C7300A9EEE7 /* LaunchScreen.storyboard in Resources */ = {isa = PBXBuildFile; fileRef = D69A387823782C7300A9EEE7 /* LaunchScreen.storyboard */; };
		D69A38822378301300A9EEE7 /* NetworkCalls.swift in Sources */ = {isa = PBXBuildFile; fileRef = D69A38812378301300A9EEE7 /* NetworkCalls.swift */; };
		D69A388623784BBE00A9EEE7 /* CountryDetailViewController.swift in Sources */ = {isa = PBXBuildFile; fileRef = D69A388523784BBE00A9EEE7 /* CountryDetailViewController.swift */; };
/* End PBXBuildFile section */

/* Begin PBXFileReference section */
		CD4AE6632379614D00F2ADA6 /* Alert+Extension.swift */ = {isa = PBXFileReference; lastKnownFileType = sourcecode.swift; path = "Alert+Extension.swift"; sourceTree = "<group>"; };
		D69A386C23782C7100A9EEE7 /* NessTask.app */ = {isa = PBXFileReference; explicitFileType = wrapper.application; includeInIndex = 0; path = NessTask.app; sourceTree = BUILT_PRODUCTS_DIR; };
		D69A386F23782C7100A9EEE7 /* AppDelegate.swift */ = {isa = PBXFileReference; lastKnownFileType = sourcecode.swift; path = AppDelegate.swift; sourceTree = "<group>"; };
		D69A387123782C7100A9EEE7 /* ViewController.swift */ = {isa = PBXFileReference; lastKnownFileType = sourcecode.swift; path = ViewController.swift; sourceTree = "<group>"; };
		D69A387423782C7100A9EEE7 /* Base */ = {isa = PBXFileReference; lastKnownFileType = file.storyboard; name = Base; path = Base.lproj/Main.storyboard; sourceTree = "<group>"; };
		D69A387623782C7300A9EEE7 /* Assets.xcassets */ = {isa = PBXFileReference; lastKnownFileType = folder.assetcatalog; path = Assets.xcassets; sourceTree = "<group>"; };
		D69A387923782C7300A9EEE7 /* Base */ = {isa = PBXFileReference; lastKnownFileType = file.storyboard; name = Base; path = Base.lproj/LaunchScreen.storyboard; sourceTree = "<group>"; };
		D69A387B23782C7400A9EEE7 /* Info.plist */ = {isa = PBXFileReference; lastKnownFileType = text.plist.xml; path = Info.plist; sourceTree = "<group>"; };
		D69A38812378301300A9EEE7 /* NetworkCalls.swift */ = {isa = PBXFileReference; lastKnownFileType = sourcecode.swift; path = NetworkCalls.swift; sourceTree = "<group>"; };
		D69A388523784BBE00A9EEE7 /* CountryDetailViewController.swift */ = {isa = PBXFileReference; lastKnownFileType = sourcecode.swift; path = CountryDetailViewController.swift; sourceTree = "<group>"; };
/* End PBXFileReference section */

/* Begin PBXFrameworksBuildPhase section */
		D69A386923782C7100A9EEE7 /* Frameworks */ = {
			isa = PBXFrameworksBuildPhase;
			buildActionMask = 2147483647;
			files = (
			);
			runOnlyForDeploymentPostprocessing = 0;
		};
/* End PBXFrameworksBuildPhase section */

/* Begin PBXGroup section */
		CD4AE6622379613500F2ADA6 /* Extension */ = {
			isa = PBXGroup;
			children = (
				CD4AE6632379614D00F2ADA6 /* Alert+Extension.swift */,
			);
			path = Extension;
			sourceTree = "<group>";
		};
		D69A386323782C7100A9EEE7 = {
			isa = PBXGroup;
			children = (
				D69A386E23782C7100A9EEE7 /* NessTask */,
				D69A386D23782C7100A9EEE7 /* Products */,
			);
			sourceTree = "<group>";
		};
		D69A386D23782C7100A9EEE7 /* Products */ = {
			isa = PBXGroup;
			children = (
				D69A386C23782C7100A9EEE7 /* NessTask.app */,
			);
			name = Products;
			sourceTree = "<group>";
		};
		D69A386E23782C7100A9EEE7 /* NessTask */ = {
			isa = PBXGroup;
			children = (
				CD4AE6622379613500F2ADA6 /* Extension */,
				D69A386F23782C7100A9EEE7 /* AppDelegate.swift */,
				D69A387123782C7100A9EEE7 /* ViewController.swift */,
				D69A38812378301300A9EEE7 /* NetworkCalls.swift */,
				D69A387323782C7100A9EEE7 /* Main.storyboard */,
				D69A388523784BBE00A9EEE7 /* CountryDetailViewController.swift */,
				D69A387623782C7300A9EEE7 /* Assets.xcassets */,
				D69A387823782C7300A9EEE7 /* LaunchScreen.storyboard */,
				D69A387B23782C7400A9EEE7 /* Info.plist */,
			);
			path = NessTask;
			sourceTree = "<group>";
		};
/* End PBXGroup section */

/* Begin PBXNativeTarget section */
		D69A386B23782C7100A9EEE7 /* NessTask */ = {
			isa = PBXNativeTarget;
			buildConfigurationList = D69A387E23782C7400A9EEE7 /* Build configuration list for PBXNativeTarget "NessTask" */;
			buildPhases = (
				D69A386823782C7100A9EEE7 /* Sources */,
				D69A386923782C7100A9EEE7 /* Frameworks */,
				D69A386A23782C7100A9EEE7 /* Resources */,
			);
			buildRules = (
			);
			dependencies = (
			);
			name = NessTask;
			productName = NessTask;
			productReference = D69A386C23782C7100A9EEE7 /* NessTask.app */;
			productType = "com.apple.product-type.application";
		};
/* End PBXNativeTarget section */

/* Begin PBXProject section */
		D69A386423782C7100A9EEE7 /* Project object */ = {
			isa = PBXProject;
			attributes = {
				LastSwiftUpdateCheck = 1020;
				LastUpgradeCheck = 1020;
				ORGANIZATIONNAME = Diksha;
				TargetAttributes = {
					D69A386B23782C7100A9EEE7 = {
						CreatedOnToolsVersion = 10.2.1;
					};
				};
			};
			buildConfigurationList = D69A386723782C7100A9EEE7 /* Build configuration list for PBXProject "NessTask" */;
			compatibilityVersion = "Xcode 9.3";
			developmentRegion = en;
			hasScannedForEncodings = 0;
			knownRegions = (
				en,
				Base,
			);
			mainGroup = D69A386323782C7100A9EEE7;
			productRefGroup = D69A386D23782C7100A9EEE7 /* Products */;
			projectDirPath = "";
			projectRoot = "";
			targets = (
				D69A386B23782C7100A9EEE7 /* NessTask */,
			);
		};
/* End PBXProject section */

/* Begin PBXResourcesBuildPhase section */
		D69A386A23782C7100A9EEE7 /* Resources */ = {
			isa = PBXResourcesBuildPhase;
			buildActionMask = 2147483647;
			files = (
				D69A387A23782C7300A9EEE7 /* LaunchScreen.storyboard in Resources */,
				D69A387723782C7300A9EEE7 /* Assets.xcassets in Resources */,
				D69A387523782C7100A9EEE7 /* Main.storyboard in Resources */,
			);
			runOnlyForDeploymentPostprocessing = 0;
		};
/* End PBXResourcesBuildPhase section */

/* Begin PBXSourcesBuildPhase section */
		D69A386823782C7100A9EEE7 /* Sources */ = {
			isa = PBXSourcesBuildPhase;
			buildActionMask = 2147483647;
			files = (
				D69A387223782C7100A9EEE7 /* ViewController.swift in Sources */,
				CD4AE6642379614D00F2ADA6 /* Alert+Extension.swift in Sources */,
				D69A387023782C7100A9EEE7 /* AppDelegate.swift in Sources */,
				D69A388623784BBE00A9EEE7 /* CountryDetailViewController.swift in Sources */,
				D69A38822378301300A9EEE7 /* NetworkCalls.swift in Sources */,
			);
			runOnlyForDeploymentPostprocessing = 0;
		};
/* End PBXSourcesBuildPhase section */

/* Begin PBXVariantGroup section */
		D69A387323782C7100A9EEE7 /* Main.storyboard */ = {
			isa = PBXVariantGroup;
			children = (
				D69A387423782C7100A9EEE7 /* Base */,
			);
			name = Main.storyboard;
			sourceTree = "<group>";
		};
		D69A387823782C7300A9EEE7 /* LaunchScreen.storyboard */ = {
			isa = PBXVariantGroup;
			children = (
				D69A387923782C7300A9EEE7 /* Base */,
			);
			name = LaunchScreen.storyboard;
			sourceTree = "<group>";
		};
/* End PBXVariantGroup section */

/* Begin XCBuildConfiguration section */
		D69A387C23782C7400A9EEE7 /* Debug */ = {
			isa = XCBuildConfiguration;
			buildSettings = {
				ALWAYS_SEARCH_USER_PATHS = NO;
				CLANG_ANALYZER_NONNULL = YES;
				CLANG_ANALYZER_NUMBER_OBJECT_CONVERSION = YES_AGGRESSIVE;
				CLANG_CXX_LANGUAGE_STANDARD = "gnu++14";
				CLANG_CXX_LIBRARY = "libc++";
				CLANG_ENABLE_MODULES = YES;
				CLANG_ENABLE_OBJC_ARC = YES;
				CLANG_ENABLE_OBJC_WEAK = YES;
				CLANG_WARN_BLOCK_CAPTURE_AUTORELEASING = YES;
				CLANG_WARN_BOOL_CONVERSION = YES;
				CLANG_WARN_COMMA = YES;
				CLANG_WARN_CONSTANT_CONVERSION = YES;
				CLANG_WARN_DEPRECATED_OBJC_IMPLEMENTATIONS = YES;
				CLANG_WARN_DIRECT_OBJC_ISA_USAGE = YES_ERROR;
				CLANG_WARN_DOCUMENTATION_COMMENTS = YES;
				CLANG_WARN_EMPTY_BODY = YES;
				CLANG_WARN_ENUM_CONVERSION = YES;
				CLANG_WARN_INFINITE_RECURSION = YES;
				CLANG_WARN_INT_CONVERSION = YES;
				CLANG_WARN_NON_LITERAL_NULL_CONVERSION = YES;
				CLANG_WARN_OBJC_IMPLICIT_RETAIN_SELF = YES;
				CLANG_WARN_OBJC_LITERAL_CONVERSION = YES;
				CLANG_WARN_OBJC_ROOT_CLASS = YES_ERROR;
				CLANG_WARN_RANGE_LOOP_ANALYSIS = YES;
				CLANG_WARN_STRICT_PROTOTYPES = YES;
				CLANG_WARN_SUSPICIOUS_MOVE = YES;
				CLANG_WARN_UNGUARDED_AVAILABILITY = YES_AGGRESSIVE;
				CLANG_WARN_UNREACHABLE_CODE = YES;
				CLANG_WARN__DUPLICATE_METHOD_MATCH = YES;
				CODE_SIGN_IDENTITY = "iPhone Developer";
				COPY_PHASE_STRIP = NO;
				DEBUG_INFORMATION_FORMAT = dwarf;
				ENABLE_STRICT_OBJC_MSGSEND = YES;
				ENABLE_TESTABILITY = YES;
				GCC_C_LANGUAGE_STANDARD = gnu11;
				GCC_DYNAMIC_NO_PIC = NO;
				GCC_NO_COMMON_BLOCKS = YES;
				GCC_OPTIMIZATION_LEVEL = 0;
				GCC_PREPROCESSOR_DEFINITIONS = (
					"DEBUG=1",
					"$(inherited)",
				);
				GCC_WARN_64_TO_32_BIT_CONVERSION = YES;
				GCC_WARN_ABOUT_RETURN_TYPE = YES_ERROR;
				GCC_WARN_UNDECLARED_SELECTOR = YES;
				GCC_WARN_UNINITIALIZED_AUTOS = YES_AGGRESSIVE;
				GCC_WARN_UNUSED_FUNCTION = YES;
				GCC_WARN_UNUSED_VARIABLE = YES;
				IPHONEOS_DEPLOYMENT_TARGET = 12.2;
				MTL_ENABLE_DEBUG_INFO = INCLUDE_SOURCE;
				MTL_FAST_MATH = YES;
				ONLY_ACTIVE_ARCH = YES;
				SDKROOT = iphoneos;
				SWIFT_ACTIVE_COMPILATION_CONDITIONS = DEBUG;
				SWIFT_OPTIMIZATION_LEVEL = "-Onone";
			};
			name = Debug;
		};
		D69A387D23782C7400A9EEE7 /* Release */ = {
			isa = XCBuildConfiguration;
			buildSettings = {
				ALWAYS_SEARCH_USER_PATHS = NO;
				CLANG_ANALYZER_NONNULL = YES;
				CLANG_ANALYZER_NUMBER_OBJECT_CONVERSION = YES_AGGRESSIVE;
				CLANG_CXX_LANGUAGE_STANDARD = "gnu++14";
				CLANG_CXX_LIBRARY = "libc++";
				CLANG_ENABLE_MODULES = YES;
				CLANG_ENABLE_OBJC_ARC = YES;
				CLANG_ENABLE_OBJC_WEAK = YES;
				CLANG_WARN_BLOCK_CAPTURE_AUTORELEASING = YES;
				CLANG_WARN_BOOL_CONVERSION = YES;
				CLANG_WARN_COMMA = YES;
				CLANG_WARN_CONSTANT_CONVERSION = YES;
				CLANG_WARN_DEPRECATED_OBJC_IMPLEMENTATIONS = YES;
				CLANG_WARN_DIRECT_OBJC_ISA_USAGE = YES_ERROR;
				CLANG_WARN_DOCUMENTATION_COMMENTS = YES;
				CLANG_WARN_EMPTY_BODY = YES;
				CLANG_WARN_ENUM_CONVERSION = YES;
				CLANG_WARN_INFINITE_RECURSION = YES;
				CLANG_WARN_INT_CONVERSION = YES;
				CLANG_WARN_NON_LITERAL_NULL_CONVERSION = YES;
				CLANG_WARN_OBJC_IMPLICIT_RETAIN_SELF = YES;
				CLANG_WARN_OBJC_LITERAL_CONVERSION = YES;
				CLANG_WARN_OBJC_ROOT_CLASS = YES_ERROR;
				CLANG_WARN_RANGE_LOOP_ANALYSIS = YES;
				CLANG_WARN_STRICT_PROTOTYPES = YES;
				CLANG_WARN_SUSPICIOUS_MOVE = YES;
				CLANG_WARN_UNGUARDED_AVAILABILITY = YES_AGGRESSIVE;
				CLANG_WARN_UNREACHABLE_CODE = YES;
				CLANG_WARN__DUPLICATE_METHOD_MATCH = YES;
				CODE_SIGN_IDENTITY = "iPhone Developer";
				COPY_PHASE_STRIP = NO;
				DEBUG_INFORMATION_FORMAT = "dwarf-with-dsym";
				ENABLE_NS_ASSERTIONS = NO;
				ENABLE_STRICT_OBJC_MSGSEND = YES;
				GCC_C_LANGUAGE_STANDARD = gnu11;
				GCC_NO_COMMON_BLOCKS = YES;
				GCC_WARN_64_TO_32_BIT_CONVERSION = YES;
				GCC_WARN_ABOUT_RETURN_TYPE = YES_ERROR;
				GCC_WARN_UNDECLARED_SELECTOR = YES;
				GCC_WARN_UNINITIALIZED_AUTOS = YES_AGGRESSIVE;
				GCC_WARN_UNUSED_FUNCTION = YES;
				GCC_WARN_UNUSED_VARIABLE = YES;
				IPHONEOS_DEPLOYMENT_TARGET = 12.2;
				MTL_ENABLE_DEBUG_INFO = NO;
				MTL_FAST_MATH = YES;
				SDKROOT = iphoneos;
				SWIFT_COMPILATION_MODE = wholemodule;
				SWIFT_OPTIMIZATION_LEVEL = "-O";
				VALIDATE_PRODUCT = YES;
			};
			name = Release;
		};
		D69A387F23782C7400A9EEE7 /* Debug */ = {
			isa = XCBuildConfiguration;
			buildSettings = {
				ASSETCATALOG_COMPILER_APPICON_NAME = AppIcon;
				CODE_SIGN_STYLE = Automatic;
				DEVELOPMENT_TEAM = H9X2W67UX2;
				INFOPLIST_FILE = NessTask/Info.plist;
				LD_RUNPATH_SEARCH_PATHS = (
					"$(inherited)",
					"@executable_path/Frameworks",
				);
				PRODUCT_BUNDLE_IDENTIFIER = com.dikshatech.NessTask;
				PRODUCT_NAME = "$(TARGET_NAME)";
				SWIFT_VERSION = 5.0;
				TARGETED_DEVICE_FAMILY = "1,2";
			};
			name = Debug;
		};
		D69A388023782C7400A9EEE7 /* Release */ = {
			isa = XCBuildConfiguration;
			buildSettings = {
				ASSETCATALOG_COMPILER_APPICON_NAME = AppIcon;
				CODE_SIGN_STYLE = Automatic;
				DEVELOPMENT_TEAM = H9X2W67UX2;
				INFOPLIST_FILE = NessTask/Info.plist;
				LD_RUNPATH_SEARCH_PATHS = (
					"$(inherited)",
					"@executable_path/Frameworks",
				);
				PRODUCT_BUNDLE_IDENTIFIER = com.dikshatech.NessTask;
				PRODUCT_NAME = "$(TARGET_NAME)";
				SWIFT_VERSION = 5.0;
				TARGETED_DEVICE_FAMILY = "1,2";
			};
			name = Release;
		};
/* End XCBuildConfiguration section */

/* Begin XCConfigurationList section */
		D69A386723782C7100A9EEE7 /* Build configuration list for PBXProject "NessTask" */ = {
			isa = XCConfigurationList;
			buildConfigurations = (
				D69A387C23782C7400A9EEE7 /* Debug */,
				D69A387D23782C7400A9EEE7 /* Release */,
			);
			defaultConfigurationIsVisible = 0;
			defaultConfigurationName = Release;
		};
		D69A387E23782C7400A9EEE7 /* Build configuration list for PBXNativeTarget "NessTask" */ = {
			isa = XCConfigurationList;
			buildConfigurations = (
				D69A387F23782C7400A9EEE7 /* Debug */,
				D69A388023782C7400A9EEE7 /* Release */,
			);
			defaultConfigurationIsVisible = 0;
			defaultConfigurationName = Release;
		};
/* End XCConfigurationList section */
	};
	rootObject = D69A386423782C7100A9EEE7 /* Project object */;
}
